
Microsoft Visual Studio Solution File, Format Version 12.00
# Visual Studio 14
VisualStudioVersion = 14.0.25420.1
MinimumVisualStudioVersion = 10.0.40219.1
Project("{FAE04EC0-301F-11D3-BF4B-00C04F79EFBC}") = "NESSHR", "NESSHR\NESSHR.csproj", "{E8737B1D-009D-4849-A22E-2D6BA91F9043}"
EndProject
Project("{2150E333-8FDC-42A3-9474-1A3956D46DE8}") = "Capas", "Capas", "{DF13062D-9628-4B91-8FB0-38FA8CFD1341}"
EndProject
Project("{FAE04EC0-301F-11D3-BF4B-00C04F79EFBC}") = "NESSHR.BL", "NESSHR.BL\NESSHR.BL.csproj", "{4036D0D2-F42E-4A28-93A6-95AEF6413D13}"
EndProject
Project("{FAE04EC0-301F-11D3-BF4B-00C04F79EFBC}") = "NESSHR.DA", "NESSHR.DA\NESSHR.DA.csproj", "{8ED080C0-539C-4C7C-B796-85790A7F8871}"
EndProject
Project("{FAE04EC0-301F-11D3-BF4B-00C04F79EFBC}") = "NESSHR.Entities", "NESSHR.Entities\NESSHR.Entities.csproj", "{0F7A9257-BFFD-40BA-B2D6-806E7CDA64A8}"
EndProject
Project("{FAE04EC0-301F-11D3-BF4B-00C04F79EFBC}") = "NESSHR.IOC", "NESSHR.IOC\NESSHR.IOC.csproj", "{19A3F42A-C134-4A15-820D-C1FAC6F7FE38}"
EndProject
Global
	GlobalSection(SolutionConfigurationPlatforms) = preSolution
		Debug|Any CPU = Debug|Any CPU
		Release|Any CPU = Release|Any CPU
	EndGlobalSection
	GlobalSection(ProjectConfigurationPlatforms) = postSolution
		{E8737B1D-009D-4849-A22E-2D6BA91F9043}.Debug|Any CPU.ActiveCfg = Debug|Any CPU
		{E8737B1D-009D-4849-A22E-2D6BA91F9043}.Debug|Any CPU.Build.0 = Debug|Any CPU
		{E8737B1D-009D-4849-A22E-2D6BA91F9043}.Release|Any CPU.ActiveCfg = Release|Any CPU
		{E8737B1D-009D-4849-A22E-2D6BA91F9043}.Release|Any CPU.Build.0 = Release|Any CPU
		{4036D0D2-F42E-4A28-93A6-95AEF6413D13}.Debug|Any CPU.ActiveCfg = Debug|Any CPU
		{4036D0D2-F42E-4A28-93A6-95AEF6413D13}.Debug|Any CPU.Build.0 = Debug|Any CPU
		{4036D0D2-F42E-4A28-93A6-95AEF6413D13}.Release|Any CPU.ActiveCfg = Release|Any CPU
		{4036D0D2-F42E-4A28-93A6-95AEF6413D13}.Release|Any CPU.Build.0 = Release|Any CPU
		{8ED080C0-539C-4C7C-B796-85790A7F8871}.Debug|Any CPU.ActiveCfg = Debug|Any CPU
		{8ED080C0-539C-4C7C-B796-85790A7F8871}.Debug|Any CPU.Build.0 = Debug|Any CPU
		{8ED080C0-539C-4C7C-B796-85790A7F8871}.Release|Any CPU.ActiveCfg = Release|Any CPU
		{8ED080C0-539C-4C7C-B796-85790A7F8871}.Release|Any CPU.Build.0 = Release|Any CPU
		{0F7A9257-BFFD-40BA-B2D6-806E7CDA64A8}.Debug|Any CPU.ActiveCfg = Debug|Any CPU
		{0F7A9257-BFFD-40BA-B2D6-806E7CDA64A8}.Debug|Any CPU.Build.0 = Debug|Any CPU
		{0F7A9257-BFFD-40BA-B2D6-806E7CDA64A8}.Release|Any CPU.ActiveCfg = Release|Any CPU
		{0F7A9257-BFFD-40BA-B2D6-806E7CDA64A8}.Release|Any CPU.Build.0 = Release|Any CPU
		{19A3F42A-C134-4A15-820D-C1FAC6F7FE38}.Debug|Any CPU.ActiveCfg = Debug|Any CPU
		{19A3F42A-C134-4A15-820D-C1FAC6F7FE38}.Debug|Any CPU.Build.0 = Debug|Any CPU
		{19A3F42A-C134-4A15-820D-C1FAC6F7FE38}.Release|Any CPU.ActiveCfg = Release|Any CPU
		{19A3F42A-C134-4A15-820D-C1FAC6F7FE38}.Release|Any CPU.Build.0 = Release|Any CPU
	EndGlobalSection
	GlobalSection(SolutionProperties) = preSolution
		HideSolutionNode = FALSE
	EndGlobalSection
	GlobalSection(NestedProjects) = preSolution
		{4036D0D2-F42E-4A28-93A6-95AEF6413D13} = {DF13062D-9628-4B91-8FB0-38FA8CFD1341}
		{8ED080C0-539C-4C7C-B796-85790A7F8871} = {DF13062D-9628-4B91-8FB0-38FA8CFD1341}
		{0F7A9257-BFFD-40BA-B2D6-806E7CDA64A8} = {DF13062D-9628-4B91-8FB0-38FA8CFD1341}
		{19A3F42A-C134-4A15-820D-C1FAC6F7FE38} = {DF13062D-9628-4B91-8FB0-38FA8CFD1341}
	EndGlobalSection
EndGlobal
